{
  "name": "@opentabs-dev/opentabs-plugin-prescript-test",
  "version": "0.0.1",
  "lockfileVersion": 3,
  "requires": true,
  "packages": {
    "": {
      "name": "@opentabs-dev/opentabs-plugin-prescript-test",
      "version": "0.0.1",
      "dependencies": {
        "@opentabs-dev/plugin-sdk": "file:../../platform/plugin-sdk"
      },
      "devDependencies": {
        "@opentabs-dev/plugin-tools": "file:../../platform/plugin-tools",
        "@opentabs-dev/shared": "file:../../platform/shared",
        "typescript": "^5.9.3",
        "zod": "^4.3.6"
      },
      "peerDependencies": {
        "zod": "^4.0.0"
      }
    },
    "../../platform/plugin-sdk": {
      "name": "@opentabs-dev/plugin-sdk",
      "version": "0.0.103",
      "license": "MIT",
      "dependencies": {
        "@opentabs-dev/shared": "^0.0.103"
      },
      "devDependencies": {
        "happy-dom": "^20.8.9",
        "lucide-react": "^1.7.0"
      },
      "peerDependencies": {
        "zod": "^4.0.0"
      }
    },
    "../../platform/plugin-tools": {
      "name": "@opentabs-dev/plugin-tools",
      "version": "0.0.103",
      "dev": true,
      "license": "MIT",
      "dependencies": {
        "@opentabs-dev/plugin-sdk": "^0.0.103",
        "@opentabs-dev/shared": "^0.0.103",
        "commander": "^14.0.3",
        "esbuild": "^0.28.0",
        "picocolors": "^1.1.1",
        "zod": "^4.3.6"
      },
      "bin": {
        "opentabs-plugin": "dist/cli.js"
      },
      "engines": {
        "node": ">= 22.0.0"
      }
    },
    "../../platform/shared": {
      "name": "@opentabs-dev/shared",
      "version": "0.0.103",
      "dev": true,
      "license": "MIT"
    },
    "node_modules/@opentabs-dev/plugin-sdk": {
      "resolved": "../../platform/plugin-sdk",
      "link": true
    },
    "node_modules/@opentabs-dev/plugin-tools": {
      "resolved": "../../platform/plugin-tools",
      "link": true
    },
    "node_modules/@opentabs-dev/shared": {
      "resolved": "../../platform/shared",
      "link": true
    },
    "node_modules/typescript": {
      "version": "5.9.3",
      "resolved": "https://registry.npmjs.org/typescript/-/typescript-5.9.3.tgz",
      "integrity": "sha512-jl1vZzPDinLr9eUt3J/t7V6FgNEw9QjvBPdysz9KfQDD41fQrC2Y4vKQdiaUpFT4bXlb1RHhLpp8wtm6M5TgSw==",
      "dev": true,
      "license": "Apache-2.0",
      "bin": {
        "tsc": "bin/tsc",
        "tsserver": "bin/tsserver"
      },
      "engines": {
        "node": ">=14.17"
      }
    },
    "node_modules/zod": {
      "version": "4.3.6",
      "resolved": "https://registry.npmjs.org/zod/-/zod-4.3.6.tgz",
      "integrity": "sha512-rftlrkhHZOcjDwkGlnUtZZkvaPHCsDATp4pGpuOOMDaTdDDXF91wuVDJoWoPsKX/3YPQ5fHuF3STjcYyKr+Qhg==",
      "dev": true,
      "license": "MIT",
      "funding": {
        "url": "https://github.com/sponsors/colinhacks"
      }
    }
  }
}
